{
  "version": 4,
  "terraform_version": "1.13.4",
  "serial": 19,
  "lineage": "37a49fcc-430d-59ed-8de4-90888755cf84",
  "outputs": {
    "status_do_container": {
      "value": "✅ Container Docker criado com sucesso!",
      "type": "string"
    },
    "url_do_servidor": {
      "value": "🌐 Acesse: http://localhost:8080",
      "type": "string"
    }
  },
  "resources": [
    {
      "mode": "managed",
      "type": "docker_container",
      "name": "projeto_faculdade",
      "provider": "provider[\"registry.terraform.io/kreuzwerker/docker\"]",
      "instances": [
        {
          "schema_version": 2,
          "attributes": {
            "attach": false,
            "bridge": "",
            "capabilities": [],
            "cgroupns_mode": null,
            "command": [
              "sh",
              "-c",
              "echo '\u003c!DOCTYPE html\u003e\u003chtml\u003e\u003chead\u003e\u003ctitle\u003e🎯 Projeto IaC\u003c/title\u003e\u003cstyle\u003ebody{font-family:Arial;margin:40px;background:linear-gradient(135deg,#667eea,#764ba2);color:white}\u003c/style\u003e\u003c/head\u003e\u003cbody\u003e\u003ch1\u003e🚀 PROJETO IAC - FACULDADE\u003c/h1\u003e\u003cdiv style=\"background:rgba(255,255,255,0.1);padding:20px;border-radius:10px\"\u003e\u003cp\u003e\u003cstrong\u003e✅ Ambiente criado com Terraform + Docker\u003c/strong\u003e\u003c/p\u003e\u003cp\u003e\u003cstrong\u003eTecnologias:\u003c/strong\u003e Terraform, Docker, NGINX\u003c/p\u003e\u003cp\u003e\u003cstrong\u003eAluno:\u003c/strong\u003e 81361173\u003c/p\u003e\u003cp\u003e\u003cstrong\u003eInstituição:\u003c/strong\u003e UNYLEYA\u003c/p\u003e\u003cp\u003e\u003cstrong\u003eData:\u003c/strong\u003e $(date +\"%d/%m/%Y %H:%M\")\u003c/p\u003e\u003c/div\u003e\u003c/body\u003e\u003c/html\u003e' \u003e /usr/share/nginx/html/index.html \u0026\u0026 nginx -g 'daemon off;'"
            ],
            "container_logs": null,
            "container_read_refresh_timeout_milliseconds": 15000,
            "cpu_set": "",
            "cpu_shares": 0,
            "destroy_grace_seconds": null,
            "devices": [],
            "dns": null,
            "dns_opts": null,
            "dns_search": null,
            "domainname": "",
            "entrypoint": [
              "/docker-entrypoint.sh"
            ],
            "env": [],
            "exit_code": null,
            "gpus": null,
            "group_add": null,
            "healthcheck": null,
            "host": [],
            "hostname": "b1875d81cb5d",
            "id": "b1875d81cb5d195ede1fa801248c726354b6841e42463d29c4872a2eab320973",
            "image": "sha256:61e01287e546aac28a3f56839c136b31f590273f3b41187a36f46f6a03bbfe22",
            "init": false,
            "ipc_mode": "private",
            "labels": [],
            "log_driver": "json-file",
            "log_opts": null,
            "logs": false,
            "max_retry_count": 0,
            "memory": 0,
            "memory_swap": 0,
            "mounts": [],
            "must_run": true,
            "name": "servidor-web-iac",
            "network_data": [
              {
                "gateway": "172.17.0.1",
                "global_ipv6_address": "",
                "global_ipv6_prefix_length": 0,
                "ip_address": "172.17.0.2",
                "ip_prefix_length": 16,
                "ipv6_gateway": "",
                "mac_address": "9a:1b:c9:00:f8:2a",
                "network_name": "bridge"
              }
            ],
            "network_mode": "bridge",
            "networks_advanced": [],
            "pid_mode": "",
            "ports": [
              {
                "external": 8080,
                "internal": 80,
                "ip": "0.0.0.0",
                "protocol": "tcp"
              }
            ],
            "privileged": false,
            "publish_all_ports": false,
            "read_only": false,
            "remove_volumes": true,
            "restart": "no",
            "rm": false,
            "runtime": "runc",
            "security_opts": [],
            "shm_size": 64,
            "start": true,
            "stdin_open": false,
            "stop_signal": "SIGQUIT",
            "stop_timeout": 1,
            "storage_opts": null,
            "sysctls": null,
            "tmpfs": null,
            "tty": false,
            "ulimit": [],
            "upload": [],
            "user": "",
            "userns_mode": "",
            "volumes": [],
            "wait": false,
            "wait_timeout": 60,
            "working_dir": "/"
          },
          "sensitive_attributes": [],
          "identity_schema_version": 0,
          "private": "eyJzY2hlbWFfdmVyc2lvbiI6IjIifQ==",
          "dependencies": [
            "docker_image.nginx"
          ]
        }
      ]
    },
    {
      "mode": "managed",
      "type": "docker_image",
      "name": "nginx",
      "provider": "provider[\"registry.terraform.io/kreuzwerker/docker\"]",
      "instances": [
        {
          "schema_version": 0,
          "attributes": {
            "build": [],
            "force_remove": null,
            "id": "sha256:61e01287e546aac28a3f56839c136b31f590273f3b41187a36f46f6a03bbfe22nginx:alpine",
            "image_id": "sha256:61e01287e546aac28a3f56839c136b31f590273f3b41187a36f46f6a03bbfe22",
            "keep_locally": true,
            "name": "nginx:alpine",
            "platform": null,
            "pull_triggers": null,
            "repo_digest": "nginx@sha256:61e01287e546aac28a3f56839c136b31f590273f3b41187a36f46f6a03bbfe22",
            "triggers": null
          },
          "sensitive_attributes": [],
          "identity_schema_version": 0,
          "private": "bnVsbA=="
        }
      ]
    }
  ],
  "check_results": null
}
